<?xml version="1.0" encoding="UTF-8"?>
<Scheme
   LastUpgradeVersion = "1170"
   version = "1.7">
   <BuildAction
      parallelizeBuildables = "YES"
      buildImplicitDependencies = "YES">
      <BuildActionEntries>
         <BuildActionEntry
            buildForTesting = "YES"
            buildForRunning = "YES"
            buildForProfiling = "YES"
            buildForArchiving = "YES"
            buildForAnalyzing = "YES">
            <BuildableReference
               BuildableIdentifier = "primary"
               BlueprintIdentifier = "2A964F0F2508F3DC00EB7D6C"
               BuildableName = "ExchangeRates.app"
               BlueprintName = "ExchangeRates"
               ReferencedContainer = "container:ExchangeRates.xcodeproj">
            </BuildableReference>
         </BuildActionEntry>
      </BuildActionEntries>
   </BuildAction>
   <TestAction
      buildConfiguration = "Debug"
      selectedDebuggerIdentifier = "Xcode.DebuggerFoundation.Debugger.LLDB"
      selectedLauncherIdentifier = "Xcode.DebuggerFoundation.Launcher.LLDB"
      shouldUseLaunchSchemeArgsEnv = "YES">
      <PreActions>
         <ExecutionAction
            ActionType = "Xcode.IDEStandardExecutionActionsCore.ExecutionActionType.ShellScriptAction">
            <ActionContent
               title = "Run Script"
               scriptText = "# Simulator status bar setup&#10;# Pre-actions&#10;xcrun simctl status_bar booted override \&#10;  --time &quot;9:41 AM&quot; \&#10;  --dataNetwork wifi \&#10;  --wifiMode active \&#10;  --wifiBars 3 \&#10;  --cellularMode active \&#10;  --cellularBars 4 \&#10;  --batteryLevel 100 \&#10;">
            </ActionContent>
         </ExecutionAction>
      </PreActions>
      <PostActions>
         <ExecutionAction
            ActionType = "Xcode.IDEStandardExecutionActionsCore.ExecutionActionType.ShellScriptAction">
            <ActionContent
               title = "Run Script"
               scriptText = "# Simulator status bar setup&#10;# Pre-actions&#10;xcrun simctl status_bar booted clear&#10;">
            </ActionContent>
         </ExecutionAction>
      </PostActions>
      <TestPlans>
         <TestPlanReference
            reference = "container:ExchangeRatesXCTestPlans/Development.xctestplan"
            default = "YES">
         </TestPlanReference>
         <TestPlanReference
            reference = "container:ExchangeRatesXCTestPlans/Marketing.xctestplan">
         </TestPlanReference>
      </TestPlans>
      <Testables>
         <TestableReference
            skipped = "NO">
            <BuildableReference
               BuildableIdentifier = "primary"
               BlueprintIdentifier = "2A964F252508F3E300EB7D6C"
               BuildableName = "ExchangeRatesTests.xctest"
               BlueprintName = "ExchangeRatesTests"
               ReferencedContainer = "container:ExchangeRates.xcodeproj">
            </BuildableReference>
         </TestableReference>
         <TestableReference
            skipped = "NO">
            <BuildableReference
               BuildableIdentifier = "primary"
               BlueprintIdentifier = "2A36D0A0250E38C500504FE5"
               BuildableName = "ExchangeRatesUITests.xctest"
               BlueprintName = "ExchangeRatesUITests"
               ReferencedContainer = "container:ExchangeRates.xcodeproj">
            </BuildableReference>
         </TestableReference>
      </Testables>
   </TestAction>
   <LaunchAction
      buildConfiguration = "Debug"
      selectedDebuggerIdentifier = "Xcode.DebuggerFoundation.Debugger.LLDB"
      selectedLauncherIdentifier = "Xcode.DebuggerFoundation.Launcher.LLDB"
      launchStyle = "0"
      useCustomWorkingDirectory = "NO"
      ignoresPersistentStateOnLaunch = "NO"
      debugDocumentVersioning = "YES"
      debugServiceExtension = "internal"
      allowLocationSimulation = "YES">
      <BuildableProductRunnable
         runnableDebuggingMode = "0">
         <BuildableReference
            BuildableIdentifier = "primary"
            BlueprintIdentifier = "2A964F0F2508F3DC00EB7D6C"
            BuildableName = "ExchangeRates.app"
            BlueprintName = "ExchangeRates"
            ReferencedContainer = "container:ExchangeRates.xcodeproj">
         </BuildableReference>
      </BuildableProductRunnable>
   </LaunchAction>
   <ProfileAction
      buildConfiguration = "Release"
      shouldUseLaunchSchemeArgsEnv = "YES"
      savedToolIdentifier = ""
      useCustomWorkingDirectory = "NO"
      debugDocumentVersioning = "YES">
      <BuildableProductRunnable
         runnableDebuggingMode = "0">
         <BuildableReference
            BuildableIdentifier = "primary"
            BlueprintIdentifier = "2A964F0F2508F3DC00EB7D6C"
            BuildableName = "ExchangeRates.app"
            BlueprintName = "ExchangeRates"
            ReferencedContainer = "container:ExchangeRates.xcodeproj">
         </BuildableReference>
      </BuildableProductRunnable>
   </ProfileAction>
   <AnalyzeAction
      buildConfiguration = "Debug">
   </AnalyzeAction>
   <ArchiveAction
      buildConfiguration = "Release"
      revealArchiveInOrganizer = "YES">
   </ArchiveAction>
</Scheme>
